
Microsoft Visual Studio Solution File, Format Version 12.00
# Visual Studio Version 17
VisualStudioVersion = 17.0.31903.59
MinimumVisualStudioVersion = 10.0.40219.1
Project("{FAE04EC0-301F-11D3-BF4B-00C04F79EFBC}") = "ClaudeTools.Toolize", "ClaudeTools.Toolize\ClaudeTools.Toolize.csproj", "{8ACE778A-05D3-4A54-A10A-7A2F82FE18A2}"
EndProject
Project("{FAE04EC0-301F-11D3-BF4B-00C04F79EFBC}") = "ClaudeTools.Toolize.Tests", "ClaudeTools.Toolize.Tests\ClaudeTools.Toolize.Tests.csproj", "{55A167AB-002D-46F0-920A-C29CCBD7F806}"
EndProject
Project("{FAE04EC0-301F-11D3-BF4B-00C04F79EFBC}") = "ClaudeTools.Cui", "ClaudeTools.Cui\ClaudeTools.Cui.csproj", "{86A5873A-6335-41B9-AE9D-CF35AE30CC59}"
EndProject
Global
	GlobalSection(SolutionConfigurationPlatforms) = preSolution
		Debug|Any CPU = Debug|Any CPU
		Release|Any CPU = Release|Any CPU
	EndGlobalSection
	GlobalSection(SolutionProperties) = preSolution
		HideSolutionNode = FALSE
	EndGlobalSection
	GlobalSection(ProjectConfigurationPlatforms) = postSolution
		{8ACE778A-05D3-4A54-A10A-7A2F82FE18A2}.Debug|Any CPU.ActiveCfg = Debug|Any CPU
		{8ACE778A-05D3-4A54-A10A-7A2F82FE18A2}.Debug|Any CPU.Build.0 = Debug|Any CPU
		{8ACE778A-05D3-4A54-A10A-7A2F82FE18A2}.Release|Any CPU.ActiveCfg = Release|Any CPU
		{8ACE778A-05D3-4A54-A10A-7A2F82FE18A2}.Release|Any CPU.Build.0 = Release|Any CPU
		{55A167AB-002D-46F0-920A-C29CCBD7F806}.Debug|Any CPU.ActiveCfg = Debug|Any CPU
		{55A167AB-002D-46F0-920A-C29CCBD7F806}.Debug|Any CPU.Build.0 = Debug|Any CPU
		{55A167AB-002D-46F0-920A-C29CCBD7F806}.Release|Any CPU.ActiveCfg = Release|Any CPU
		{55A167AB-002D-46F0-920A-C29CCBD7F806}.Release|Any CPU.Build.0 = Release|Any CPU
		{86A5873A-6335-41B9-AE9D-CF35AE30CC59}.Debug|Any CPU.ActiveCfg = Debug|Any CPU
		{86A5873A-6335-41B9-AE9D-CF35AE30CC59}.Debug|Any CPU.Build.0 = Debug|Any CPU
		{86A5873A-6335-41B9-AE9D-CF35AE30CC59}.Release|Any CPU.ActiveCfg = Release|Any CPU
		{86A5873A-6335-41B9-AE9D-CF35AE30CC59}.Release|Any CPU.Build.0 = Release|Any CPU
	EndGlobalSection
EndGlobal
